<?xml version="1.0" encoding="utf-8"?>
<Project ToolsVersion="4.0" xmlns="http://schemas.microsoft.com/developer/msbuild/2003">
  <ItemGroup>
    <Filter Include="Source Files">
      <UniqueIdentifier>{4FC737F1-C7A5-4376-A066-2A32D752A2FF}</UniqueIdentifier>
      <Extensions>cpp;c;cc;cxx;def;odl;idl;hpj;bat;asm;asmx</Extensions>
    </Filter>
    <Filter Include="Header Files">
      <UniqueIdentifier>{93995380-89BD-4b04-88EB-625FBE52EBFB}</UniqueIdentifier>
      <Extensions>h;hh;hpp;hxx;hm;inl;inc;xsd</Extensions>
    </Filter>
    <Filter Include="Resource Files">
      <UniqueIdentifier>{67DA6AB6-F800-4c08-8B7A-83BB121AAD01}</UniqueIdentifier>
      <Extensions>rc;ico;cur;bmp;dlg;rc2;rct;bin;rgs;gif;jpg;jpeg;jpe;resx;tiff;tif;png;wav;mfcribbon-ms</Extensions>
    </Filter>
  </ItemGroup>
  <ItemGroup>
    <ClInclude Include="session.h">
      <Filter>Header Files</Filter>
    </ClInclude>
    <ClInclude Include="add_torrent_params.h">
      <Filter>Header Files</Filter>
    </ClInclude>
    <ClInclude Include="torrent_info.h">
      <Filter>Header Files</Filter>
    </ClInclude>
    <ClInclude Include="interop.h">
      <Filter>Header Files</Filter>
    </ClInclude>
    <ClInclude Include="alert.h">
      <Filter>Header Files</Filter>
    </ClInclude>
    <ClInclude Include="session_alert_dispatcher.h">
      <Filter>Header Files</Filter>
    </ClInclude>
    <ClInclude Include="alert_types.h">
      <Filter>Header Files</Filter>
    </ClInclude>
    <ClInclude Include="torrent_handle.h">
      <Filter>Header Files</Filter>
    </ClInclude>
    <ClInclude Include="torrent_status.h">
      <Filter>Header Files</Filter>
    </ClInclude>
    <ClInclude Include="entry.h">
      <Filter>Header Files</Filter>
    </ClInclude>
    <ClInclude Include="lazy_entry.h">
      <Filter>Header Files</Filter>
    </ClInclude>
    <ClInclude Include="util.h">
      <Filter>Header Files</Filter>
    </ClInclude>
    <ClInclude Include="peer_info.h">
      <Filter>Header Files</Filter>
    </ClInclude>
    <ClInclude Include="announce_entry.h">
      <Filter>Header Files</Filter>
    </ClInclude>
    <ClInclude Include="session_status.h">
      <Filter>Header Files</Filter>
    </ClInclude>
    <ClInclude Include="session_settings.h">
      <Filter>Header Files</Filter>
    </ClInclude>
    <ClInclude Include="dht_settings.h">
      <Filter>Header Files</Filter>
    </ClInclude>
    <ClInclude Include="sha1_hash.h">
      <Filter>Header Files</Filter>
    </ClInclude>
    <ClInclude Include="error_code.h">
      <Filter>Header Files</Filter>
    </ClInclude>
    <ClInclude Include="file_entry.h">
      <Filter>Header Files</Filter>
    </ClInclude>
    <ClInclude Include="file_storage.h">
      <Filter>Header Files</Filter>
    </ClInclude>
    <ClInclude Include="create_torrent.h">
      <Filter>Header Files</Filter>
    </ClInclude>
  </ItemGroup>
  <ItemGroup>
    <ClCompile Include="session.cpp">
      <Filter>Source Files</Filter>
    </ClCompile>
    <ClCompile Include="add_torrent_params.cpp">
      <Filter>Source Files</Filter>
    </ClCompile>
    <ClCompile Include="torrent_info.cpp">
      <Filter>Source Files</Filter>
    </ClCompile>
    <ClCompile Include="session_alert_dispatcher.cpp">
      <Filter>Source Files</Filter>
    </ClCompile>
    <ClCompile Include="alert.cpp">
      <Filter>Source Files</Filter>
    </ClCompile>
    <ClCompile Include="interop.cpp">
      <Filter>Source Files</Filter>
    </ClCompile>
    <ClCompile Include="alert_types.cpp">
      <Filter>Source Files</Filter>
    </ClCompile>
    <ClCompile Include="torrent_handle.cpp">
      <Filter>Source Files</Filter>
    </ClCompile>
    <ClCompile Include="torrent_status.cpp">
      <Filter>Source Files</Filter>
    </ClCompile>
    <ClCompile Include="entry.cpp">
      <Filter>Source Files</Filter>
    </ClCompile>
    <ClCompile Include="lazy_entry.cpp">
      <Filter>Source Files</Filter>
    </ClCompile>
    <ClCompile Include="util.cpp">
      <Filter>Source Files</Filter>
    </ClCompile>
    <ClCompile Include="peer_info.cpp">
      <Filter>Source Files</Filter>
    </ClCompile>
    <ClCompile Include="announce_entry.cpp">
      <Filter>Source Files</Filter>
    </ClCompile>
    <ClCompile Include="session_status.cpp">
      <Filter>Source Files</Filter>
    </ClCompile>
    <ClCompile Include="session_settings.cpp">
      <Filter>Source Files</Filter>
    </ClCompile>
    <ClCompile Include="dht_settings.cpp">
      <Filter>Source Files</Filter>
    </ClCompile>
    <ClCompile Include="sha1_hash.cpp">
      <Filter>Source Files</Filter>
    </ClCompile>
    <ClCompile Include="error_code.cpp">
      <Filter>Source Files</Filter>
    </ClCompile>
    <ClCompile Include="file_entry.cpp">
      <Filter>Source Files</Filter>
    </ClCompile>
    <ClCompile Include="file_storage.cpp">
      <Filter>Source Files</Filter>
    </ClCompile>
    <ClCompile Include="create_torrent.cpp">
      <Filter>Source Files</Filter>
    </ClCompile>
  </ItemGroup>
</Project>